<?xml version="1.0" encoding="utf-8"?>
<Project ToolsVersion="4.0" xmlns="http://schemas.microsoft.com/developer/msbuild/2003">
  <ItemGroup>
    <Filter Include="Source Files">
      <UniqueIdentifier>{4FC737F1-C7A5-4376-A066-2A32D752A2FF}</UniqueIdentifier>
      <Extensions>cpp;c;cc;cxx;def;odl;idl;hpj;bat;asm;asmx</Extensions>
    </Filter>
    <Filter Include="Header Files">
      <UniqueIdentifier>{93995380-89BD-4b04-88EB-625FBE52EBFB}</UniqueIdentifier>
      <Extensions>h;hpp;hxx;hm;inl;inc;xsd</Extensions>
    </Filter>
    <Filter Include="Resource Files">
      <UniqueIdentifier>{67DA6AB6-F800-4c08-8B7A-83BB121AAD01}</UniqueIdentifier>
      <Extensions>rc;ico;cur;bmp;dlg;rc2;rct;bin;rgs;gif;jpg;jpeg;jpe;resx;tiff;tif;png;wav;mfcribbon-ms</Extensions>
    </Filter>
    <Filter Include="Header Files\detail">
      <UniqueIdentifier>{8d67b94d-91d9-4128-9c76-0cd988463656}</UniqueIdentifier>
    </Filter>
    <Filter Include="Cuda Files">
      <UniqueIdentifier>{0673b1ea-ec01-4c15-afb3-1d124672a9b9}</UniqueIdentifier>
    </Filter>
  </ItemGroup>
  <ItemGroup>
    <ClInclude Include="arithmetic.hpp">
      <Filter>Header Files</Filter>
    </ClInclude>
    <ClInclude Include="binary_expression.hpp">
      <Filter>Header Files</Filter>
    </ClInclude>
    <ClInclude Include="change_stream.hpp">
      <Filter>Header Files</Filter>
    </ClInclude>
    <ClInclude Include="column.hpp">
      <Filter>Header Files</Filter>
    </ClInclude>
    <ClInclude Include="comparisons.hpp">
      <Filter>Header Files</Filter>
    </ClInclude>
    <ClInclude Include="complex.hpp">
      <Filter>Header Files</Filter>
    </ClInclude>
    <ClInclude Include="context.hpp">
      <Filter>Header Files</Filter>
    </ClInclude>
    <ClInclude Include="context_manager.hpp">
      <Filter>Header Files</Filter>
    </ClInclude>
    <ClInclude Include="conv.hpp">
      <Filter>Header Files</Filter>
    </ClInclude>
    <ClInclude Include="dot.hpp">
      <Filter>Header Files</Filter>
    </ClInclude>
    <ClInclude Include="entropy.hpp">
      <Filter>Header Files</Filter>
    </ClInclude>
    <ClInclude Include="expand.hpp">
      <Filter>Header Files</Filter>
    </ClInclude>
    <ClInclude Include="fft.hpp">
      <Filter>Header Files</Filter>
    </ClInclude>
    <ClInclude Include="fft_plan.hpp">
      <Filter>Header Files</Filter>
    </ClInclude>
    <ClInclude Include="fill.hpp">
      <Filter>Header Files</Filter>
    </ClInclude>
    <ClInclude Include="filter.hpp">
      <Filter>Header Files</Filter>
    </ClInclude>
    <ClInclude Include="filter2.hpp">
      <Filter>Header Files</Filter>
    </ClInclude>
    <ClInclude Include="flip.hpp">
      <Filter>Header Files</Filter>
    </ClInclude>
    <ClInclude Include="gaussian.hpp">
      <Filter>Header Files</Filter>
    </ClInclude>
    <ClInclude Include="identity.hpp">
      <Filter>Header Files</Filter>
    </ClInclude>
    <ClInclude Include="ifft.hpp">
      <Filter>Header Files</Filter>
    </ClInclude>
    <ClInclude Include="img.hpp">
      <Filter>Header Files</Filter>
    </ClInclude>
    <ClInclude Include="indices.hpp">
      <Filter>Header Files</Filter>
    </ClInclude>
    <ClInclude Include="io.hpp">
      <Filter>Header Files</Filter>
    </ClInclude>
    <ClInclude Include="linalg.hpp">
      <Filter>Header Files</Filter>
    </ClInclude>
    <ClInclude Include="mask.hpp">
      <Filter>Header Files</Filter>
    </ClInclude>
    <ClInclude Include="math.hpp">
      <Filter>Header Files</Filter>
    </ClInclude>
    <ClInclude Include="max.hpp">
      <Filter>Header Files</Filter>
    </ClInclude>
    <ClInclude Include="min.hpp">
      <Filter>Header Files</Filter>
    </ClInclude>
    <ClInclude Include="new_context.hpp">
      <Filter>Header Files</Filter>
    </ClInclude>
    <ClInclude Include="ones.hpp">
      <Filter>Header Files</Filter>
    </ClInclude>
    <ClInclude Include="prod.hpp">
      <Filter>Header Files</Filter>
    </ClInclude>
    <ClInclude Include="proxy.hpp">
      <Filter>Header Files</Filter>
    </ClInclude>
    <ClInclude Include="random.hpp">
      <Filter>Header Files</Filter>
    </ClInclude>
    <ClInclude Include="real.hpp">
      <Filter>Header Files</Filter>
    </ClInclude>
    <ClInclude Include="rearrange.hpp">
      <Filter>Header Files</Filter>
    </ClInclude>
    <ClInclude Include="repeat.hpp">
      <Filter>Header Files</Filter>
    </ClInclude>
    <ClInclude Include="reshape.hpp">
      <Filter>Header Files</Filter>
    </ClInclude>
    <ClInclude Include="row.hpp">
      <Filter>Header Files</Filter>
    </ClInclude>
    <ClInclude Include="sequence.hpp">
      <Filter>Header Files</Filter>
    </ClInclude>
    <ClInclude Include="sequence_iterator.hpp">
      <Filter>Header Files</Filter>
    </ClInclude>
    <ClInclude Include="serialize.hpp">
      <Filter>Header Files</Filter>
    </ClInclude>
    <ClInclude Include="shift.hpp">
      <Filter>Header Files</Filter>
    </ClInclude>
    <ClInclude Include="sum.hpp">
      <Filter>Header Files</Filter>
    </ClInclude>
    <ClInclude Include="swap.hpp">
      <Filter>Header Files</Filter>
    </ClInclude>
    <ClInclude Include="tbblas.hpp">
      <Filter>Header Files</Filter>
    </ClInclude>
    <ClInclude Include="tensor.hpp">
      <Filter>Header Files</Filter>
    </ClInclude>
    <ClInclude Include="trans.hpp">
      <Filter>Header Files</Filter>
    </ClInclude>
    <ClInclude Include="type_traits.hpp">
      <Filter>Header Files</Filter>
    </ClInclude>
    <ClInclude Include="unary_expression.hpp">
      <Filter>Header Files</Filter>
    </ClInclude>
    <ClInclude Include="util.hpp">
      <Filter>Header Files</Filter>
    </ClInclude>
    <ClInclude Include="zeros.hpp">
      <Filter>Header Files</Filter>
    </ClInclude>
    <ClInclude Include="detail\copy.hpp">
      <Filter>Header Files\detail</Filter>
    </ClInclude>
    <ClInclude Include="detail\for_each.hpp">
      <Filter>Header Files\detail</Filter>
    </ClInclude>
    <ClInclude Include="detail\inner_product.hpp">
      <Filter>Header Files\detail</Filter>
    </ClInclude>
    <ClInclude Include="detail\reduce.hpp">
      <Filter>Header Files\detail</Filter>
    </ClInclude>
    <ClInclude Include="detail\reduce_by_key.hpp">
      <Filter>Header Files\detail</Filter>
    </ClInclude>
    <ClInclude Include="detail\system.hpp">
      <Filter>Header Files\detail</Filter>
    </ClInclude>
    <ClInclude Include="detail\transform_reduce.hpp">
      <Filter>Header Files\detail</Filter>
    </ClInclude>
    <ClInclude Include="reorder.hpp">
      <Filter>Header Files</Filter>
    </ClInclude>
    <ClInclude Include="assert.hpp">
      <Filter>Header Files</Filter>
    </ClInclude>
  </ItemGroup>
  <ItemGroup>
    <ClCompile Include="change_stream.cpp">
      <Filter>Source Files</Filter>
    </ClCompile>
    <ClCompile Include="context.cpp">
      <Filter>Source Files</Filter>
    </ClCompile>
    <ClCompile Include="context_manager.cpp">
      <Filter>Source Files</Filter>
    </ClCompile>
    <ClCompile Include="math.cpp">
      <Filter>Source Files</Filter>
    </ClCompile>
    <ClCompile Include="new_context.cpp">
      <Filter>Source Files</Filter>
    </ClCompile>
    <ClCompile Include="prod.cpp">
      <Filter>Source Files</Filter>
    </ClCompile>
    <ClCompile Include="util.cpp">
      <Filter>Source Files</Filter>
    </ClCompile>
  </ItemGroup>
</Project>