<?xml version="1.0" encoding="utf-8"?>
<Project ToolsVersion="4.0" xmlns="http://schemas.microsoft.com/developer/msbuild/2003">
  <ItemGroup>
    <Filter Include="Source Files">
      <UniqueIdentifier>{4FC737F1-C7A5-4376-A066-2A32D752A2FF}</UniqueIdentifier>
      <Extensions>cpp;c;cc;cxx;def;odl;idl;hpj;bat;asm;asmx</Extensions>
    </Filter>
    <Filter Include="Header Files">
      <UniqueIdentifier>{93995380-89BD-4b04-88EB-625FBE52EBFB}</UniqueIdentifier>
      <Extensions>h;hpp;hxx;hm;inl;inc;xsd</Extensions>
    </Filter>
    <Filter Include="Resource Files">
      <UniqueIdentifier>{67DA6AB6-F800-4c08-8B7A-83BB121AAD01}</UniqueIdentifier>
      <Extensions>rc;ico;cur;bmp;dlg;rc2;rct;bin;rgs;gif;jpg;jpeg;jpe;resx;tiff;tif;png;wav;mfcribbon-ms</Extensions>
    </Filter>
  </ItemGroup>
  <ItemGroup>
    <None Include="ReadMe.txt" />
  </ItemGroup>
  <ItemGroup>
    <ClInclude Include="xmlizer.h">
      <Filter>Header Files</Filter>
    </ClInclude>
    <ClInclude Include="ArgumentsParser.h">
      <Filter>Header Files</Filter>
    </ClInclude>
    <ClInclude Include="NotEqualAssertion.h">
      <Filter>Header Files</Filter>
    </ClInclude>
    <ClInclude Include="FileExists.h">
      <Filter>Header Files</Filter>
    </ClInclude>
    <ClInclude Include="IAttribute.h">
      <Filter>Header Files</Filter>
    </ClInclude>
    <ClInclude Include="Verifier.h">
      <Filter>Header Files</Filter>
    </ClInclude>
    <ClInclude Include="DescriptionAttribute.h">
      <Filter>Header Files</Filter>
    </ClInclude>
    <ClInclude Include="IAssertionAttribute.h">
      <Filter>Header Files</Filter>
    </ClInclude>
    <ClInclude Include="ReflectableClass.h">
      <Filter>Header Files</Filter>
    </ClInclude>
    <ClInclude Include="FlagAttribute.h">
      <Filter>Header Files</Filter>
    </ClInclude>
    <ClInclude Include="IClassProperty.h">
      <Filter>Header Files</Filter>
    </ClInclude>
    <ClInclude Include="ClassProperty.h">
      <Filter>Header Files</Filter>
    </ClInclude>
    <ClInclude Include="IExecutableAttribute.h">
      <Filter>Header Files</Filter>
    </ClInclude>
    <ClInclude Include="ObservableClass.h">
      <Filter>Header Files</Filter>
    </ClInclude>
    <ClInclude Include="ObserveAttribute.h">
      <Filter>Header Files</Filter>
    </ClInclude>
    <ClInclude Include="AttributeExecuter.h">
      <Filter>Header Files</Filter>
    </ClInclude>
    <ClInclude Include="Enumerators.h">
      <Filter>Header Files</Filter>
    </ClInclude>
    <ClInclude Include="IReflectableAttribute.h">
      <Filter>Header Files</Filter>
    </ClInclude>
    <ClInclude Include="ReflectableAttribute.h">
      <Filter>Header Files</Filter>
    </ClInclude>
    <ClInclude Include="ReflectableClassFactory.h">
      <Filter>Header Files</Filter>
    </ClInclude>
    <ClInclude Include="Enumerator.h">
      <Filter>Header Files</Filter>
    </ClInclude>
    <ClInclude Include="FilenameAttribute.h">
      <Filter>Header Files</Filter>
    </ClInclude>
    <ClInclude Include="IEnumerableAttribute.h">
      <Filter>Header Files</Filter>
    </ClInclude>
    <ClInclude Include="EnumerableAttribute.h">
      <Filter>Header Files</Filter>
    </ClInclude>
    <ClInclude Include="IPropertyIterator.h">
      <Filter>Header Files</Filter>
    </ClInclude>
    <ClInclude Include="ScalarAttribute.h">
      <Filter>Header Files</Filter>
    </ClInclude>
    <ClInclude Include="EventHandler.h">
      <Filter>Header Files</Filter>
    </ClInclude>
    <ClInclude Include="ReuseAttribute.h">
      <Filter>Header Files</Filter>
    </ClInclude>
    <ClInclude Include="VolatileAttribute.h">
      <Filter>Header Files</Filter>
    </ClInclude>
    <ClInclude Include="LibraryLoader.h">
      <Filter>Header Files</Filter>
    </ClInclude>
    <ClInclude Include="capputils.h">
      <Filter>Header Files</Filter>
    </ClInclude>
    <ClInclude Include="LibraryException.h">
      <Filter>Header Files</Filter>
    </ClInclude>
    <ClInclude Include="FactoryException.h">
      <Filter>Header Files</Filter>
    </ClInclude>
    <ClInclude Include="InputAttribute.h">
      <Filter>Header Files</Filter>
    </ClInclude>
    <ClInclude Include="IXmlableAttribute.h">
      <Filter>Header Files</Filter>
    </ClInclude>
    <ClInclude Include="OutputAttribute.h">
      <Filter>Header Files</Filter>
    </ClInclude>
    <ClInclude Include="ShortNameAttribute.h">
      <Filter>Header Files</Filter>
    </ClInclude>
    <ClInclude Include="TimedClass.h">
      <Filter>Header Files</Filter>
    </ClInclude>
    <ClInclude Include="TimeStampAttribute.h">
      <Filter>Header Files</Filter>
    </ClInclude>
    <ClInclude Include="FromEnumerableAttribute.h">
      <Filter>Header Files</Filter>
    </ClInclude>
    <ClInclude Include="ToEnumerableAttribute.h">
      <Filter>Header Files</Filter>
    </ClInclude>
  </ItemGroup>
  <ItemGroup>
    <ClCompile Include="xmlizer.cpp">
      <Filter>Source Files</Filter>
    </ClCompile>
    <ClCompile Include="FlagAttribute.cpp">
      <Filter>Source Files</Filter>
    </ClCompile>
    <ClCompile Include="ArgumentsParser.cpp">
      <Filter>Source Files</Filter>
    </ClCompile>
    <ClCompile Include="FileExists.cpp">
      <Filter>Source Files</Filter>
    </ClCompile>
    <ClCompile Include="IAttribute.cpp">
      <Filter>Source Files</Filter>
    </ClCompile>
    <ClCompile Include="Verifier.cpp">
      <Filter>Source Files</Filter>
    </ClCompile>
    <ClCompile Include="DescriptionAttribute.cpp">
      <Filter>Source Files</Filter>
    </ClCompile>
    <ClCompile Include="ReflectableClass.cpp">
      <Filter>Source Files</Filter>
    </ClCompile>
    <ClCompile Include="ObservableClass.cpp">
      <Filter>Source Files</Filter>
    </ClCompile>
    <ClCompile Include="ObserveAttribute.cpp">
      <Filter>Source Files</Filter>
    </ClCompile>
    <ClCompile Include="AttributeExecuter.cpp">
      <Filter>Source Files</Filter>
    </ClCompile>
    <ClCompile Include="ReflectableAttribute.cpp">
      <Filter>Source Files</Filter>
    </ClCompile>
    <ClCompile Include="ReflectableClassFactory.cpp">
      <Filter>Source Files</Filter>
    </ClCompile>
    <ClCompile Include="Enumerator.cpp">
      <Filter>Source Files</Filter>
    </ClCompile>
    <ClCompile Include="ClassProperty.cpp">
      <Filter>Source Files</Filter>
    </ClCompile>
    <ClCompile Include="FilenameAttribute.cpp">
      <Filter>Source Files</Filter>
    </ClCompile>
    <ClCompile Include="ScalarAttribute.cpp">
      <Filter>Source Files</Filter>
    </ClCompile>
    <ClCompile Include="ReuseAttribute.cpp">
      <Filter>Source Files</Filter>
    </ClCompile>
    <ClCompile Include="VolatileAttribute.cpp">
      <Filter>Source Files</Filter>
    </ClCompile>
    <ClCompile Include="LibraryLoader.cpp">
      <Filter>Source Files</Filter>
    </ClCompile>
    <ClCompile Include="LibraryException.cpp">
      <Filter>Source Files</Filter>
    </ClCompile>
    <ClCompile Include="FactoryException.cpp">
      <Filter>Source Files</Filter>
    </ClCompile>
    <ClCompile Include="InputAttribute.cpp">
      <Filter>Source Files</Filter>
    </ClCompile>
    <ClCompile Include="OutputAttribute.cpp">
      <Filter>Source Files</Filter>
    </ClCompile>
    <ClCompile Include="ShortNameAttribute.cpp">
      <Filter>Source Files</Filter>
    </ClCompile>
    <ClCompile Include="TimedClass.cpp">
      <Filter>Source Files</Filter>
    </ClCompile>
    <ClCompile Include="TimeStampAttribute.cpp">
      <Filter>Source Files</Filter>
    </ClCompile>
    <ClCompile Include="FromEnumerableAttribute.cpp">
      <Filter>Header Files</Filter>
    </ClCompile>
    <ClCompile Include="ToEnumerableAttribute.cpp">
      <Filter>Header Files</Filter>
    </ClCompile>
  </ItemGroup>
</Project>